
Microsoft Visual Studio Solution File, Format Version 12.00
# Visual Studio Version 17
VisualStudioVersion = 17.12.35527.113 d17.12
MinimumVisualStudioVersion = 10.0.40219.1
Project("{FAE04EC0-301F-11D3-BF4B-00C04F79EFBC}") = "Arrays", "Arrays\Arrays.csproj", "{0D7A9941-5FA0-42B0-A4E4-549151E91DEA}"
EndProject
Global
	GlobalSection(SolutionConfigurationPlatforms) = preSolution
		Debug|Any CPU = Debug|Any CPU
		Release|Any CPU = Release|Any CPU
	EndGlobalSection
	GlobalSection(ProjectConfigurationPlatforms) = postSolution
		{0D7A9941-5FA0-42B0-A4E4-549151E91DEA}.Debug|Any CPU.ActiveCfg = Debug|Any CPU
		{0D7A9941-5FA0-42B0-A4E4-549151E91DEA}.Debug|Any CPU.Build.0 = Debug|Any CPU
		{0D7A9941-5FA0-42B0-A4E4-549151E91DEA}.Release|Any CPU.ActiveCfg = Release|Any CPU
		{0D7A9941-5FA0-42B0-A4E4-549151E91DEA}.Release|Any CPU.Build.0 = Release|Any CPU
	EndGlobalSection
	GlobalSection(SolutionProperties) = preSolution
		HideSolutionNode = FALSE
	EndGlobalSection
EndGlobal
